<?xml version="1.0" encoding="utf-8"?>
<Project ToolsVersion="4.0" xmlns="http://schemas.microsoft.com/developer/msbuild/2003">
  <ItemGroup>
    <Filter Include="Source Files">
      <UniqueIdentifier>{4FC737F1-C7A5-4376-A066-2A32D752A2FF}</UniqueIdentifier>
      <Extensions>cpp;c;cc;cxx;def;odl;idl;hpj;bat;asm;asmx</Extensions>
    </Filter>
    <Filter Include="Header Files">
      <UniqueIdentifier>{93995380-89BD-4b04-88EB-625FBE52EBFB}</UniqueIdentifier>
      <Extensions>h;hh;hpp;hxx;hm;inl;inc;xsd</Extensions>
    </Filter>
    <Filter Include="Resource Files">
      <UniqueIdentifier>{67DA6AB6-F800-4c08-8B7A-83BB121AAD01}</UniqueIdentifier>
      <Extensions>rc;ico;cur;bmp;dlg;rc2;rct;bin;rgs;gif;jpg;jpeg;jpe;resx;tiff;tif;png;wav</Extensions>
    </Filter>
  </ItemGroup>
  <ItemGroup>
    <ClCompile Include="Creational.Creational.Builder.cpp">
      <Filter>Source Files</Filter>
    </ClCompile>
    <ClCompile Include="Creational.Creational.GroovyStyle.cpp">
      <Filter>Source Files</Filter>
    </ClCompile>
    <ClCompile Include="Creational.Creational.InnerFactory.cpp">
      <Filter>Source Files</Filter>
    </ClCompile>
    <ClCompile Include="Creational.Creational.Prototype.cpp">
      <Filter>Source Files</Filter>
    </ClCompile>
    <ClCompile Include="DependencyInversion.cpp">
      <Filter>Source Files</Filter>
    </ClCompile>
    <ClCompile Include="GroovyStyle.cpp">
      <Filter>Source Files</Filter>
    </ClCompile>
    <ClCompile Include="HTMLBuilder.cpp">
      <Filter>Source Files</Filter>
    </ClCompile>
    <ClCompile Include="InnerFactory.cpp">
      <Filter>Source Files</Filter>
    </ClCompile>
    <ClCompile Include="InterfaceSeggregation.cpp">
      <Filter>Source Files</Filter>
    </ClCompile>
    <ClCompile Include="OpenClosedPrinciple.cpp">
      <Filter>Source Files</Filter>
    </ClCompile>
    <ClCompile Include="SingleResponsibility.cpp">
      <Filter>Source Files</Filter>
    </ClCompile>
    <ClCompile Include="builderfacets\Facets.cpp">
      <Filter>Source Files</Filter>
    </ClCompile>
    <ClCompile Include="builderfacets\Person.cpp">
      <Filter>Source Files</Filter>
    </ClCompile>
    <ClCompile Include="builderfacets\PersonBuilder.cpp">
      <Filter>Source Files</Filter>
    </ClCompile>
    <ClCompile Include="drinks\AbstractFactory.cpp">
      <Filter>Source Files</Filter>
    </ClCompile>
    <ClCompile Include="drinks\templates\Creational.Creational.AbstractFactory.cpp">
      <Filter>Source Files</Filter>
    </ClCompile>
    <ClCompile Include="persons\Interactions.cpp">
      <Filter>Source Files</Filter>
    </ClCompile>
    <ClCompile Include="persons\Person.cpp">
      <Filter>Source Files</Filter>
    </ClCompile>
    <ClCompile Include="persons\PersonBuilder.cpp">
      <Filter>Source Files</Filter>
    </ClCompile>
  </ItemGroup>
  <ItemGroup>
    <ClInclude Include="builderfacets\Person.h">
      <Filter>Header Files</Filter>
    </ClInclude>
    <ClInclude Include="builderfacets\PersonAddressBuilder.h">
      <Filter>Header Files</Filter>
    </ClInclude>
    <ClInclude Include="builderfacets\PersonBuilder.h">
      <Filter>Header Files</Filter>
    </ClInclude>
    <ClInclude Include="builderfacets\PersonJobBuilder.h">
      <Filter>Header Files</Filter>
    </ClInclude>
    <ClInclude Include="drinks\CoffeeFactory.h">
      <Filter>Header Files</Filter>
    </ClInclude>
    <ClInclude Include="drinks\DrinkFactory.h">
      <Filter>Header Files</Filter>
    </ClInclude>
    <ClInclude Include="drinks\HotDrink.h">
      <Filter>Header Files</Filter>
    </ClInclude>
    <ClInclude Include="drinks\HotDrinkFactory.h">
      <Filter>Header Files</Filter>
    </ClInclude>
    <ClInclude Include="drinks\TeaFactory.h">
      <Filter>Header Files</Filter>
    </ClInclude>
    <ClInclude Include="drinks\templates\Creational.Creational.CoffeeFactory.h">
      <Filter>Header Files</Filter>
    </ClInclude>
    <ClInclude Include="drinks\templates\Creational.Creational.DrinkFactory.h">
      <Filter>Header Files</Filter>
    </ClInclude>
    <ClInclude Include="drinks\templates\Creational.Creational.HotDrink.h">
      <Filter>Header Files</Filter>
    </ClInclude>
    <ClInclude Include="drinks\templates\Creational.Creational.HotDrinkFactory.h">
      <Filter>Header Files</Filter>
    </ClInclude>
    <ClInclude Include="drinks\templates\Creational.Creational.TeaFactory.h">
      <Filter>Header Files</Filter>
    </ClInclude>
    <ClInclude Include="persons\Person.h">
      <Filter>Header Files</Filter>
    </ClInclude>
    <ClInclude Include="persons\PersonAddressBuilder.h">
      <Filter>Header Files</Filter>
    </ClInclude>
    <ClInclude Include="persons\PersonBuilder.h">
      <Filter>Header Files</Filter>
    </ClInclude>
    <ClInclude Include="persons\PersonJobBuilder.h">
      <Filter>Header Files</Filter>
    </ClInclude>
  </ItemGroup>
</Project>