
Microsoft Visual Studio Solution File, Format Version 12.00
# Visual Studio 15
VisualStudioVersion = 15.0.27703.2018
MinimumVisualStudioVersion = 10.0.40219.1
Project("{8BC9CEB8-8B4A-11D0-8D11-00A0C91BC942}") = "DesignPatterns", "DesignPatterns.vcxproj", "{50DC0C61-FFAF-4CE9-B7E2-C5E9B629A4DC}"
EndProject
Global
	GlobalSection(SolutionConfigurationPlatforms) = preSolution
		Debug|x64 = Debug|x64
		Debug|x86 = Debug|x86
		Release|x64 = Release|x64
		Release|x86 = Release|x86
	EndGlobalSection
	GlobalSection(ProjectConfigurationPlatforms) = postSolution
		{50DC0C61-FFAF-4CE9-B7E2-C5E9B629A4DC}.Debug|x64.ActiveCfg = Debug|x64
		{50DC0C61-FFAF-4CE9-B7E2-C5E9B629A4DC}.Debug|x64.Build.0 = Debug|x64
		{50DC0C61-FFAF-4CE9-B7E2-C5E9B629A4DC}.Debug|x86.ActiveCfg = Debug|Win32
		{50DC0C61-FFAF-4CE9-B7E2-C5E9B629A4DC}.Debug|x86.Build.0 = Debug|Win32
		{50DC0C61-FFAF-4CE9-B7E2-C5E9B629A4DC}.Release|x64.ActiveCfg = Release|x64
		{50DC0C61-FFAF-4CE9-B7E2-C5E9B629A4DC}.Release|x64.Build.0 = Release|x64
		{50DC0C61-FFAF-4CE9-B7E2-C5E9B629A4DC}.Release|x86.ActiveCfg = Release|Win32
		{50DC0C61-FFAF-4CE9-B7E2-C5E9B629A4DC}.Release|x86.Build.0 = Release|Win32
	EndGlobalSection
	GlobalSection(SolutionProperties) = preSolution
		HideSolutionNode = FALSE
	EndGlobalSection
	GlobalSection(ExtensibilityGlobals) = postSolution
		SolutionGuid = {A7508087-B793-4D78-BDA7-D3C1F163D27E}
	EndGlobalSection
EndGlobal
